
Microsoft Visual Studio Solution File, Format Version 12.00
# Visual Studio 14
VisualStudioVersion = 14.0.25123.0
MinimumVisualStudioVersion = 10.0.40219.1
Project("{FAE04EC0-301F-11D3-BF4B-00C04F79EFBC}") = "ProcessCSV", "ProcessCSV\ProcessCSV.csproj", "{4E0B5DF5-0629-4E7D-ADE0-39CB69937FDD}"
EndProject
Project("{FAE04EC0-301F-11D3-BF4B-00C04F79EFBC}") = "UnitTestCSV", "UnitTestCSV\UnitTestCSV.csproj", "{5B41A2EF-F500-491F-A649-FB50D44631DD}"
EndProject
Global
	GlobalSection(SolutionConfigurationPlatforms) = preSolution
		Debug|Any CPU = Debug|Any CPU
		Release|Any CPU = Release|Any CPU
	EndGlobalSection
	GlobalSection(ProjectConfigurationPlatforms) = postSolution
		{4E0B5DF5-0629-4E7D-ADE0-39CB69937FDD}.Debug|Any CPU.ActiveCfg = Debug|Any CPU
		{4E0B5DF5-0629-4E7D-ADE0-39CB69937FDD}.Debug|Any CPU.Build.0 = Debug|Any CPU
		{4E0B5DF5-0629-4E7D-ADE0-39CB69937FDD}.Release|Any CPU.ActiveCfg = Release|Any CPU
		{4E0B5DF5-0629-4E7D-ADE0-39CB69937FDD}.Release|Any CPU.Build.0 = Release|Any CPU
		{5B41A2EF-F500-491F-A649-FB50D44631DD}.Debug|Any CPU.ActiveCfg = Debug|Any CPU
		{5B41A2EF-F500-491F-A649-FB50D44631DD}.Debug|Any CPU.Build.0 = Debug|Any CPU
		{5B41A2EF-F500-491F-A649-FB50D44631DD}.Release|Any CPU.ActiveCfg = Release|Any CPU
		{5B41A2EF-F500-491F-A649-FB50D44631DD}.Release|Any CPU.Build.0 = Release|Any CPU
	EndGlobalSection
	GlobalSection(SolutionProperties) = preSolution
		HideSolutionNode = FALSE
	EndGlobalSection
EndGlobal
